// !$*UTF8*$!
{
	archiveVersion = 1;
	classes = {
	};
	objectVersion = 77;
	objects = {

/* Begin PBXContainerItemProxy section */
		4094A09C2CEFFB1700986175 /* PBXContainerItemProxy */ = {
			isa = PBXContainerItemProxy;
			containerPortal = 4094A07D2CEFFB1500986175 /* Project object */;
			proxyType = 1;
			remoteGlobalIDString = 4094A0842CEFFB1500986175;
			remoteInfo = Bulleyes;
		};
		4094A0A62CEFFB1700986175 /* PBXContainerItemProxy */ = {
			isa = PBXContainerItemProxy;
			containerPortal = 4094A07D2CEFFB1500986175 /* Project object */;
			proxyType = 1;
			remoteGlobalIDString = 4094A0842CEFFB1500986175;
			remoteInfo = Bulleyes;
		};
/* End PBXContainerItemProxy section */

/* Begin PBXFileReference section */
		4094A0852CEFFB1500986175 /* Bulleyes.app */ = {isa = PBXFileReference; explicitFileType = wrapper.application; includeInIndex = 0; path = Bulleyes.app; sourceTree = BUILT_PRODUCTS_DIR; };
		4094A09B2CEFFB1700986175 /* BulleyesTests.xctest */ = {isa = PBXFileReference; explicitFileType = wrapper.cfbundle; includeInIndex = 0; path = BulleyesTests.xctest; sourceTree = BUILT_PRODUCTS_DIR; };
		4094A0A52CEFFB1700986175 /* BulleyesUITests.xctest */ = {isa = PBXFileReference; explicitFileType = wrapper.cfbundle; includeInIndex = 0; path = BulleyesUITests.xctest; sourceTree = BUILT_PRODUCTS_DIR; };
/* End PBXFileReference section */

/* Begin PBXFileSystemSynchronizedBuildFileExceptionSet section */
		4094A0AD2CEFFB1700986175 /* Exceptions for "Bulleyes" folder in "Bulleyes" target */ = {
			isa = PBXFileSystemSynchronizedBuildFileExceptionSet;
			membershipExceptions = (
				Info.plist,
			);
			target = 4094A0842CEFFB1500986175 /* Bulleyes */;
		};
/* End PBXFileSystemSynchronizedBuildFileExceptionSet section */

/* Begin PBXFileSystemSynchronizedRootGroup section */
		4094A0872CEFFB1500986175 /* Bulleyes */ = {
			isa = PBXFileSystemSynchronizedRootGroup;
			exceptions = (
				4094A0AD2CEFFB1700986175 /* Exceptions for "Bulleyes" folder in "Bulleyes" target */,
			);
			path = Bulleyes;
			sourceTree = "<group>";
		};
		4094A09E2CEFFB1700986175 /* BulleyesTests */ = {
			isa = PBXFileSystemSynchronizedRootGroup;
			path = BulleyesTests;
			sourceTree = "<group>";
		};
		4094A0A82CEFFB1700986175 /* BulleyesUITests */ = {
			isa = PBXFileSystemSynchronizedRootGroup;
			path = BulleyesUITests;
			sourceTree = "<group>";
		};
/* End PBXFileSystemSynchronizedRootGroup section */

/* Begin PBXFrameworksBuildPhase section */
		4094A0822CEFFB1500986175 /* Frameworks */ = {
			isa = PBXFrameworksBuildPhase;
			buildActionMask = 2147483647;
			files = (
			);
			runOnlyForDeploymentPostprocessing = 0;
		};
		4094A0982CEFFB1700986175 /* Frameworks */ = {
			isa = PBXFrameworksBuildPhase;
			buildActionMask = 2147483647;
			files = (
			);
			runOnlyForDeploymentPostprocessing = 0;
		};
		4094A0A22CEFFB1700986175 /* Frameworks */ = {
			isa = PBXFrameworksBuildPhase;
			buildActionMask = 2147483647;
			files = (
			);
			runOnlyForDeploymentPostprocessing = 0;
		};
/* End PBXFrameworksBuildPhase section */

/* Begin PBXGroup section */
		4094A07C2CEFFB1500986175 = {
			isa = PBXGroup;
			children = (
				4094A0872CEFFB1500986175 /* Bulleyes */,
				4094A09E2CEFFB1700986175 /* BulleyesTests */,
				4094A0A82CEFFB1700986175 /* BulleyesUITests */,
				4094A0862CEFFB1500986175 /* Products */,
			);
			sourceTree = "<group>";
		};
		4094A0862CEFFB1500986175 /* Products */ = {
			isa = PBXGroup;
			children = (
				4094A0852CEFFB1500986175 /* Bulleyes.app */,
				4094A09B2CEFFB1700986175 /* BulleyesTests.xctest */,
				4094A0A52CEFFB1700986175 /* BulleyesUITests.xctest */,
			);
			name = Products;
			sourceTree = "<group>";
		};
/* End PBXGroup section */

/* Begin PBXNativeTarget section */
		4094A0842CEFFB1500986175 /* Bulleyes */ = {
			isa = PBXNativeTarget;
			buildConfigurationList = 4094A0AE2CEFFB1700986175 /* Build configuration list for PBXNativeTarget "Bulleyes" */;
			buildPhases = (
				4094A0812CEFFB1500986175 /* Sources */,
				4094A0822CEFFB1500986175 /* Frameworks */,
				4094A0832CEFFB1500986175 /* Resources */,
			);
			buildRules = (
			);
			dependencies = (
			);
			fileSystemSynchronizedGroups = (
				4094A0872CEFFB1500986175 /* Bulleyes */,
			);
			name = Bulleyes;
			packageProductDependencies = (
			);
			productName = Bulleyes;
			productReference = 4094A0852CEFFB1500986175 /* Bulleyes.app */;
			productType = "com.apple.product-type.application";
		};
		4094A09A2CEFFB1700986175 /* BulleyesTests */ = {
			isa = PBXNativeTarget;
			buildConfigurationList = 4094A0B32CEFFB1700986175 /* Build configuration list for PBXNativeTarget "BulleyesTests" */;
			buildPhases = (
				4094A0972CEFFB1700986175 /* Sources */,
				4094A0982CEFFB1700986175 /* Frameworks */,
				4094A0992CEFFB1700986175 /* Resources */,
			);
			buildRules = (
			);
			dependencies = (
				4094A09D2CEFFB1700986175 /* PBXTargetDependency */,
			);
			fileSystemSynchronizedGroups = (
				4094A09E2CEFFB1700986175 /* BulleyesTests */,
			);
			name = BulleyesTests;
			packageProductDependencies = (
			);
			productName = BulleyesTests;
			productReference = 4094A09B2CEFFB1700986175 /* BulleyesTests.xctest */;
			productType = "com.apple.product-type.bundle.unit-test";
		};
		4094A0A42CEFFB1700986175 /* BulleyesUITests */ = {
			isa = PBXNativeTarget;
			buildConfigurationList = 4094A0B62CEFFB1700986175 /* Build configuration list for PBXNativeTarget "BulleyesUITests" */;
			buildPhases = (
				4094A0A12CEFFB1700986175 /* Sources */,
				4094A0A22CEFFB1700986175 /* Frameworks */,
				4094A0A32CEFFB1700986175 /* Resources */,
			);
			buildRules = (
			);
			dependencies = (
				4094A0A72CEFFB1700986175 /* PBXTargetDependency */,
			);
			fileSystemSynchronizedGroups = (
				4094A0A82CEFFB1700986175 /* BulleyesUITests */,
			);
			name = BulleyesUITests;
			packageProductDependencies = (
			);
			productName = BulleyesUITests;
			productReference = 4094A0A52CEFFB1700986175 /* BulleyesUITests.xctest */;
			productType = "com.apple.product-type.bundle.ui-testing";
		};
/* End PBXNativeTarget section */

/* Begin PBXProject section */
		4094A07D2CEFFB1500986175 /* Project object */ = {
			isa = PBXProject;
			attributes = {
				BuildIndependentTargetsInParallel = 1;
				LastSwiftUpdateCheck = 1600;
				LastUpgradeCheck = 1600;
				TargetAttributes = {
					4094A0842CEFFB1500986175 = {
						CreatedOnToolsVersion = 16.0;
					};
					4094A09A2CEFFB1700986175 = {
						CreatedOnToolsVersion = 16.0;
						TestTargetID = 4094A0842CEFFB1500986175;
					};
					4094A0A42CEFFB1700986175 = {
						CreatedOnToolsVersion = 16.0;
						TestTargetID = 4094A0842CEFFB1500986175;
					};
				};
			};
			buildConfigurationList = 4094A0802CEFFB1500986175 /* Build configuration list for PBXProject "Bulleyes" */;
			developmentRegion = en;
			hasScannedForEncodings = 0;
			knownRegions = (
				en,
				Base,
			);
			mainGroup = 4094A07C2CEFFB1500986175;
			minimizedProjectReferenceProxies = 1;
			preferredProjectObjectVersion = 77;
			productRefGroup = 4094A0862CEFFB1500986175 /* Products */;
			projectDirPath = "";
			projectRoot = "";
			targets = (
				4094A0842CEFFB1500986175 /* Bulleyes */,
				4094A09A2CEFFB1700986175 /* BulleyesTests */,
				4094A0A42CEFFB1700986175 /* BulleyesUITests */,
			);
		};
/* End PBXProject section */

/* Begin PBXResourcesBuildPhase section */
		4094A0832CEFFB1500986175 /* Resources */ = {
			isa = PBXResourcesBuildPhase;
			buildActionMask = 2147483647;
			files = (
			);
			runOnlyForDeploymentPostprocessing = 0;
		};
		4094A0992CEFFB1700986175 /* Resources */ = {
			isa = PBXResourcesBuildPhase;
			buildActionMask = 2147483647;
			files = (
			);
			runOnlyForDeploymentPostprocessing = 0;
		};
		4094A0A32CEFFB1700986175 /* Resources */ = {
			isa = PBXResourcesBuildPhase;
			buildActionMask = 2147483647;
			files = (
			);
			runOnlyForDeploymentPostprocessing = 0;
		};
/* End PBXResourcesBuildPhase section */

/* Begin PBXSourcesBuildPhase section */
		4094A0812CEFFB1500986175 /* Sources */ = {
			isa = PBXSourcesBuildPhase;
			buildActionMask = 2147483647;
			files = (
			);
			runOnlyForDeploymentPostprocessing = 0;
		};
		4094A0972CEFFB1700986175 /* Sources */ = {
			isa = PBXSourcesBuildPhase;
			buildActionMask = 2147483647;
			files = (
			);
			runOnlyForDeploymentPostprocessing = 0;
		};
		4094A0A12CEFFB1700986175 /* Sources */ = {
			isa = PBXSourcesBuildPhase;
			buildActionMask = 2147483647;
			files = (
			);
			runOnlyForDeploymentPostprocessing = 0;
		};
/* End PBXSourcesBuildPhase section */

/* Begin PBXTargetDependency section */
		4094A09D2CEFFB1700986175 /* PBXTargetDependency */ = {
			isa = PBXTargetDependency;
			target = 4094A0842CEFFB1500986175 /* Bulleyes */;
			targetProxy = 4094A09C2CEFFB1700986175 /* PBXContainerItemProxy */;
		};
		4094A0A72CEFFB1700986175 /* PBXTargetDependency */ = {
			isa = PBXTargetDependency;
			target = 4094A0842CEFFB1500986175 /* Bulleyes */;
			targetProxy = 4094A0A62CEFFB1700986175 /* PBXContainerItemProxy */;
		};
/* End PBXTargetDependency section */

/* Begin XCBuildConfiguration section */
		4094A0AF2CEFFB1700986175 /* Debug */ = {
			isa = XCBuildConfiguration;
			buildSettings = {
				ASSETCATALOG_COMPILER_APPICON_NAME = AppIcon;
				ASSETCATALOG_COMPILER_GLOBAL_ACCENT_COLOR_NAME = AccentColor;
				CODE_SIGN_STYLE = Automatic;
				CURRENT_PROJECT_VERSION = 1;
				GENERATE_INFOPLIST_FILE = YES;
				INFOPLIST_FILE = Bulleyes/Info.plist;
				INFOPLIST_KEY_UIApplicationSupportsIndirectInputEvents = YES;
				INFOPLIST_KEY_UILaunchStoryboardName = LaunchScreen;
				INFOPLIST_KEY_UIMainStoryboardFile = Main;
				INFOPLIST_KEY_UISupportedInterfaceOrientations = "UIInterfaceOrientationLandscapeLeft UIInterfaceOrientationLandscapeRight";
				LD_RUNPATH_SEARCH_PATHS = (
					"$(inherited)",
					"@executable_path/Frameworks",
				);
				MARKETING_VERSION = 1.0;
				PRODUCT_BUNDLE_IDENTIFIER = com.fritz.Bulleyes;
				PRODUCT_NAME = "$(TARGET_NAME)";
				SWIFT_EMIT_LOC_STRINGS = YES;
				SWIFT_VERSION = 5.0;
				TARGETED_DEVICE_FAMILY = "1,2";
			};
			name = Debug;
		};
		4094A0B02CEFFB1700986175 /* Release */ = {
			isa = XCBuildConfiguration;
			buildSettings = {
				ASSETCATALOG_COMPILER_APPICON_NAME = AppIcon;
				ASSETCATALOG_COMPILER_GLOBAL_ACCENT_COLOR_NAME = AccentColor;
				CODE_SIGN_STYLE = Automatic;
				CURRENT_PROJECT_VERSION = 1;
				GENERATE_INFOPLIST_FILE = YES;
				INFOPLIST_FILE = Bulleyes/Info.plist;
				INFOPLIST_KEY_UIApplicationSupportsIndirectInputEvents = YES;
				INFOPLIST_KEY_UILaunchStoryboardName = LaunchScreen;
				INFOPLIST_KEY_UIMainStoryboardFile = Main;
				INFOPLIST_KEY_UISupportedInterfaceOrientations = "UIInterfaceOrientationLandscapeLeft UIInterfaceOrientationLandscapeRight";
				LD_RUNPATH_SEARCH_PATHS = (
					"$(inherited)",
					"@executable_path/Frameworks",
				);
				MARKETING_VERSION = 1.0;
				PRODUCT_BUNDLE_IDENTIFIER = com.fritz.Bulleyes;
				PRODUCT_NAME = "$(TARGET_NAME)";
				SWIFT_EMIT_LOC_STRINGS = YES;
				SWIFT_VERSION = 5.0;
				TARGETED_DEVICE_FAMILY = "1,2";
			};
			name = Release;
		};
		4094A0B12CEFFB1700986175 /* Debug */ = {
			isa = XCBuildConfiguration;
			buildSettings = {
				ALWAYS_SEARCH_USER_PATHS = NO;
				ASSETCATALOG_COMPILER_GENERATE_SWIFT_ASSET_SYMBOL_EXTENSIONS = YES;
				CLANG_ANALYZER_NONNULL = YES;
				CLANG_ANALYZER_NUMBER_OBJECT_CONVERSION = YES_AGGRESSIVE;
				CLANG_CXX_LANGUAGE_STANDARD = "gnu++20";
				CLANG_ENABLE_MODULES = YES;
				CLANG_ENABLE_OBJC_ARC = YES;
				CLANG_ENABLE_OBJC_WEAK = YES;
				CLANG_WARN_BLOCK_CAPTURE_AUTORELEASING = YES;
				CLANG_WARN_BOOL_CONVERSION = YES;
				CLANG_WARN_COMMA = YES;
				CLANG_WARN_CONSTANT_CONVERSION = YES;
				CLANG_WARN_DEPRECATED_OBJC_IMPLEMENTATIONS = YES;
				CLANG_WARN_DIRECT_OBJC_ISA_USAGE = YES_ERROR;
				CLANG_WARN_DOCUMENTATION_COMMENTS = YES;
				CLANG_WARN_EMPTY_BODY = YES;
				CLANG_WARN_ENUM_CONVERSION = YES;
				CLANG_WARN_INFINITE_RECURSION = YES;
				CLANG_WARN_INT_CONVERSION = YES;
				CLANG_WARN_NON_LITERAL_NULL_CONVERSION = YES;
				CLANG_WARN_OBJC_IMPLICIT_RETAIN_SELF = YES;
				CLANG_WARN_OBJC_LITERAL_CONVERSION = YES;
				CLANG_WARN_OBJC_ROOT_CLASS = YES_ERROR;
				CLANG_WARN_QUOTED_INCLUDE_IN_FRAMEWORK_HEADER = YES;
				CLANG_WARN_RANGE_LOOP_ANALYSIS = YES;
				CLANG_WARN_STRICT_PROTOTYPES = YES;
				CLANG_WARN_SUSPICIOUS_MOVE = YES;
				CLANG_WARN_UNGUARDED_AVAILABILITY = YES_AGGRESSIVE;
				CLANG_WARN_UNREACHABLE_CODE = YES;
				CLANG_WARN__DUPLICATE_METHOD_MATCH = YES;
				COPY_PHASE_STRIP = NO;
				DEBUG_INFORMATION_FORMAT = dwarf;
				ENABLE_STRICT_OBJC_MSGSEND = YES;
				ENABLE_TESTABILITY = YES;
				ENABLE_USER_SCRIPT_SANDBOXING = YES;
				GCC_C_LANGUAGE_STANDARD = gnu17;
				GCC_DYNAMIC_NO_PIC = NO;
				GCC_NO_COMMON_BLOCKS = YES;
				GCC_OPTIMIZATION_LEVEL = 0;
				GCC_PREPROCESSOR_DEFINITIONS = (
					"DEBUG=1",
					"$(inherited)",
				);
				GCC_WARN_64_TO_32_BIT_CONVERSION = YES;
				GCC_WARN_ABOUT_RETURN_TYPE = YES_ERROR;
				GCC_WARN_UNDECLARED_SELECTOR = YES;
				GCC_WARN_UNINITIALIZED_AUTOS = YES_AGGRESSIVE;
				GCC_WARN_UNUSED_FUNCTION = YES;
				GCC_WARN_UNUSED_VARIABLE = YES;
				IPHONEOS_DEPLOYMENT_TARGET = 18.0;
				LOCALIZATION_PREFERS_STRING_CATALOGS = YES;
				MTL_ENABLE_DEBUG_INFO = INCLUDE_SOURCE;
				MTL_FAST_MATH = YES;
				ONLY_ACTIVE_ARCH = YES;
				SDKROOT = iphoneos;
				SWIFT_ACTIVE_COMPILATION_CONDITIONS = "DEBUG $(inherited)";
				SWIFT_OPTIMIZATION_LEVEL = "-Onone";
			};
			name = Debug;
		};
		4094A0B22CEFFB1700986175 /* Release */ = {
			isa = XCBuildConfiguration;
			buildSettings = {
				ALWAYS_SEARCH_USER_PATHS = NO;
				ASSETCATALOG_COMPILER_GENERATE_SWIFT_ASSET_SYMBOL_EXTENSIONS = YES;
				CLANG_ANALYZER_NONNULL = YES;
				CLANG_ANALYZER_NUMBER_OBJECT_CONVERSION = YES_AGGRESSIVE;
				CLANG_CXX_LANGUAGE_STANDARD = "gnu++20";
				CLANG_ENABLE_MODULES = YES;
				CLANG_ENABLE_OBJC_ARC = YES;
				CLANG_ENABLE_OBJC_WEAK = YES;
				CLANG_WARN_BLOCK_CAPTURE_AUTORELEASING = YES;
				CLANG_WARN_BOOL_CONVERSION = YES;
				CLANG_WARN_COMMA = YES;
				CLANG_WARN_CONSTANT_CONVERSION = YES;
				CLANG_WARN_DEPRECATED_OBJC_IMPLEMENTATIONS = YES;
				CLANG_WARN_DIRECT_OBJC_ISA_USAGE = YES_ERROR;
				CLANG_WARN_DOCUMENTATION_COMMENTS = YES;
				CLANG_WARN_EMPTY_BODY = YES;
				CLANG_WARN_ENUM_CONVERSION = YES;
				CLANG_WARN_INFINITE_RECURSION = YES;
				CLANG_WARN_INT_CONVERSION = YES;
				CLANG_WARN_NON_LITERAL_NULL_CONVERSION = YES;
				CLANG_WARN_OBJC_IMPLICIT_RETAIN_SELF = YES;
				CLANG_WARN_OBJC_LITERAL_CONVERSION = YES;
				CLANG_WARN_OBJC_ROOT_CLASS = YES_ERROR;
				CLANG_WARN_QUOTED_INCLUDE_IN_FRAMEWORK_HEADER = YES;
				CLANG_WARN_RANGE_LOOP_ANALYSIS = YES;
				CLANG_WARN_STRICT_PROTOTYPES = YES;
				CLANG_WARN_SUSPICIOUS_MOVE = YES;
				CLANG_WARN_UNGUARDED_AVAILABILITY = YES_AGGRESSIVE;
				CLANG_WARN_UNREACHABLE_CODE = YES;
				CLANG_WARN__DUPLICATE_METHOD_MATCH = YES;
				COPY_PHASE_STRIP = NO;
				DEBUG_INFORMATION_FORMAT = "dwarf-with-dsym";
				ENABLE_NS_ASSERTIONS = NO;
				ENABLE_STRICT_OBJC_MSGSEND = YES;
				ENABLE_USER_SCRIPT_SANDBOXING = YES;
				GCC_C_LANGUAGE_STANDARD = gnu17;
				GCC_NO_COMMON_BLOCKS = YES;
				GCC_WARN_64_TO_32_BIT_CONVERSION = YES;
				GCC_WARN_ABOUT_RETURN_TYPE = YES_ERROR;
				GCC_WARN_UNDECLARED_SELECTOR = YES;
				GCC_WARN_UNINITIALIZED_AUTOS = YES_AGGRESSIVE;
				GCC_WARN_UNUSED_FUNCTION = YES;
				GCC_WARN_UNUSED_VARIABLE = YES;
				IPHONEOS_DEPLOYMENT_TARGET = 18.0;
				LOCALIZATION_PREFERS_STRING_CATALOGS = YES;
				MTL_ENABLE_DEBUG_INFO = NO;
				MTL_FAST_MATH = YES;
				SDKROOT = iphoneos;
				SWIFT_COMPILATION_MODE = wholemodule;
				VALIDATE_PRODUCT = YES;
			};
			name = Release;
		};
		4094A0B42CEFFB1700986175 /* Debug */ = {
			isa = XCBuildConfiguration;
			buildSettings = {
				BUNDLE_LOADER = "$(TEST_HOST)";
				CODE_SIGN_STYLE = Automatic;
				CURRENT_PROJECT_VERSION = 1;
				GENERATE_INFOPLIST_FILE = YES;
				IPHONEOS_DEPLOYMENT_TARGET = 18.0;
				MARKETING_VERSION = 1.0;
				PRODUCT_BUNDLE_IDENTIFIER = com.fritz.BulleyesTests;
				PRODUCT_NAME = "$(TARGET_NAME)";
				SWIFT_EMIT_LOC_STRINGS = NO;
				SWIFT_VERSION = 5.0;
				TARGETED_DEVICE_FAMILY = "1,2";
				TEST_HOST = "$(BUILT_PRODUCTS_DIR)/Bulleyes.app/$(BUNDLE_EXECUTABLE_FOLDER_PATH)/Bulleyes";
			};
			name = Debug;
		};
		4094A0B52CEFFB1700986175 /* Release */ = {
			isa = XCBuildConfiguration;
			buildSettings = {
				BUNDLE_LOADER = "$(TEST_HOST)";
				CODE_SIGN_STYLE = Automatic;
				CURRENT_PROJECT_VERSION = 1;
				GENERATE_INFOPLIST_FILE = YES;
				IPHONEOS_DEPLOYMENT_TARGET = 18.0;
				MARKETING_VERSION = 1.0;
				PRODUCT_BUNDLE_IDENTIFIER = com.fritz.BulleyesTests;
				PRODUCT_NAME = "$(TARGET_NAME)";
				SWIFT_EMIT_LOC_STRINGS = NO;
				SWIFT_VERSION = 5.0;
				TARGETED_DEVICE_FAMILY = "1,2";
				TEST_HOST = "$(BUILT_PRODUCTS_DIR)/Bulleyes.app/$(BUNDLE_EXECUTABLE_FOLDER_PATH)/Bulleyes";
			};
			name = Release;
		};
		4094A0B72CEFFB1700986175 /* Debug */ = {
			isa = XCBuildConfiguration;
			buildSettings = {
				CODE_SIGN_STYLE = Automatic;
				CURRENT_PROJECT_VERSION = 1;
				GENERATE_INFOPLIST_FILE = YES;
				MARKETING_VERSION = 1.0;
				PRODUCT_BUNDLE_IDENTIFIER = com.fritz.BulleyesUITests;
				PRODUCT_NAME = "$(TARGET_NAME)";
				SWIFT_EMIT_LOC_STRINGS = NO;
				SWIFT_VERSION = 5.0;
				TARGETED_DEVICE_FAMILY = "1,2";
				TEST_TARGET_NAME = Bulleyes;
			};
			name = Debug;
		};
		4094A0B82CEFFB1700986175 /* Release */ = {
			isa = XCBuildConfiguration;
			buildSettings = {
				CODE_SIGN_STYLE = Automatic;
				CURRENT_PROJECT_VERSION = 1;
				GENERATE_INFOPLIST_FILE = YES;
				MARKETING_VERSION = 1.0;
				PRODUCT_BUNDLE_IDENTIFIER = com.fritz.BulleyesUITests;
				PRODUCT_NAME = "$(TARGET_NAME)";
				SWIFT_EMIT_LOC_STRINGS = NO;
				SWIFT_VERSION = 5.0;
				TARGETED_DEVICE_FAMILY = "1,2";
				TEST_TARGET_NAME = Bulleyes;
			};
			name = Release;
		};
/* End XCBuildConfiguration section */

/* Begin XCConfigurationList section */
		4094A0802CEFFB1500986175 /* Build configuration list for PBXProject "Bulleyes" */ = {
			isa = XCConfigurationList;
			buildConfigurations = (
				4094A0B12CEFFB1700986175 /* Debug */,
				4094A0B22CEFFB1700986175 /* Release */,
			);
			defaultConfigurationIsVisible = 0;
			defaultConfigurationName = Release;
		};
		4094A0AE2CEFFB1700986175 /* Build configuration list for PBXNativeTarget "Bulleyes" */ = {
			isa = XCConfigurationList;
			buildConfigurations = (
				4094A0AF2CEFFB1700986175 /* Debug */,
				4094A0B02CEFFB1700986175 /* Release */,
			);
			defaultConfigurationIsVisible = 0;
			defaultConfigurationName = Release;
		};
		4094A0B32CEFFB1700986175 /* Build configuration list for PBXNativeTarget "BulleyesTests" */ = {
			isa = XCConfigurationList;
			buildConfigurations = (
				4094A0B42CEFFB1700986175 /* Debug */,
				4094A0B52CEFFB1700986175 /* Release */,
			);
			defaultConfigurationIsVisible = 0;
			defaultConfigurationName = Release;
		};
		4094A0B62CEFFB1700986175 /* Build configuration list for PBXNativeTarget "BulleyesUITests" */ = {
			isa = XCConfigurationList;
			buildConfigurations = (
				4094A0B72CEFFB1700986175 /* Debug */,
				4094A0B82CEFFB1700986175 /* Release */,
			);
			defaultConfigurationIsVisible = 0;
			defaultConfigurationName = Release;
		};
/* End XCConfigurationList section */
	};
	rootObject = 4094A07D2CEFFB1500986175 /* Project object */;
}
